
Microsoft Visual Studio Solution File, Format Version 12.00
# Visual Studio 15
VisualStudioVersion = 15.0.28307.1145
MinimumVisualStudioVersion = 10.0.40219.1
Project("{8BC9CEB8-8B4A-11D0-8D11-00A0C91BC942}") = "白板编程练习题", "白板编程练习题\白板编程练习题.vcxproj", "{8D7A613D-06E8-42A9-980B-8E8D15D1A212}"
EndProject
Project("{8BC9CEB8-8B4A-11D0-8D11-00A0C91BC942}") = "排序算法", "排序算法\排序算法.vcxproj", "{72542FE1-F2A6-437E-B9F8-8D3099C0CCA1}"
EndProject
Project("{8BC9CEB8-8B4A-11D0-8D11-00A0C91BC942}") = "图", "图\图.vcxproj", "{0A4E7335-5D6D-4EF0-9931-171B33A9AFD6}"
EndProject
Project("{8BC9CEB8-8B4A-11D0-8D11-00A0C91BC942}") = "树", "树\树.vcxproj", "{3928DEF2-8B13-4A73-864E-E829E71FC336}"
EndProject
Global
	GlobalSection(SolutionConfigurationPlatforms) = preSolution
		Debug|x64 = Debug|x64
		Debug|x86 = Debug|x86
		Release|x64 = Release|x64
		Release|x86 = Release|x86
	EndGlobalSection
	GlobalSection(ProjectConfigurationPlatforms) = postSolution
		{8D7A613D-06E8-42A9-980B-8E8D15D1A212}.Debug|x64.ActiveCfg = Debug|x64
		{8D7A613D-06E8-42A9-980B-8E8D15D1A212}.Debug|x64.Build.0 = Debug|x64
		{8D7A613D-06E8-42A9-980B-8E8D15D1A212}.Debug|x86.ActiveCfg = Debug|Win32
		{8D7A613D-06E8-42A9-980B-8E8D15D1A212}.Debug|x86.Build.0 = Debug|Win32
		{8D7A613D-06E8-42A9-980B-8E8D15D1A212}.Release|x64.ActiveCfg = Release|x64
		{8D7A613D-06E8-42A9-980B-8E8D15D1A212}.Release|x64.Build.0 = Release|x64
		{8D7A613D-06E8-42A9-980B-8E8D15D1A212}.Release|x86.ActiveCfg = Release|Win32
		{8D7A613D-06E8-42A9-980B-8E8D15D1A212}.Release|x86.Build.0 = Release|Win32
		{72542FE1-F2A6-437E-B9F8-8D3099C0CCA1}.Debug|x64.ActiveCfg = Debug|x64
		{72542FE1-F2A6-437E-B9F8-8D3099C0CCA1}.Debug|x64.Build.0 = Debug|x64
		{72542FE1-F2A6-437E-B9F8-8D3099C0CCA1}.Debug|x86.ActiveCfg = Debug|Win32
		{72542FE1-F2A6-437E-B9F8-8D3099C0CCA1}.Debug|x86.Build.0 = Debug|Win32
		{72542FE1-F2A6-437E-B9F8-8D3099C0CCA1}.Release|x64.ActiveCfg = Release|x64
		{72542FE1-F2A6-437E-B9F8-8D3099C0CCA1}.Release|x64.Build.0 = Release|x64
		{72542FE1-F2A6-437E-B9F8-8D3099C0CCA1}.Release|x86.ActiveCfg = Release|Win32
		{72542FE1-F2A6-437E-B9F8-8D3099C0CCA1}.Release|x86.Build.0 = Release|Win32
		{0A4E7335-5D6D-4EF0-9931-171B33A9AFD6}.Debug|x64.ActiveCfg = Debug|x64
		{0A4E7335-5D6D-4EF0-9931-171B33A9AFD6}.Debug|x64.Build.0 = Debug|x64
		{0A4E7335-5D6D-4EF0-9931-171B33A9AFD6}.Debug|x86.ActiveCfg = Debug|Win32
		{0A4E7335-5D6D-4EF0-9931-171B33A9AFD6}.Debug|x86.Build.0 = Debug|Win32
		{0A4E7335-5D6D-4EF0-9931-171B33A9AFD6}.Release|x64.ActiveCfg = Release|x64
		{0A4E7335-5D6D-4EF0-9931-171B33A9AFD6}.Release|x64.Build.0 = Release|x64
		{0A4E7335-5D6D-4EF0-9931-171B33A9AFD6}.Release|x86.ActiveCfg = Release|Win32
		{0A4E7335-5D6D-4EF0-9931-171B33A9AFD6}.Release|x86.Build.0 = Release|Win32
		{3928DEF2-8B13-4A73-864E-E829E71FC336}.Debug|x64.ActiveCfg = Debug|x64
		{3928DEF2-8B13-4A73-864E-E829E71FC336}.Debug|x64.Build.0 = Debug|x64
		{3928DEF2-8B13-4A73-864E-E829E71FC336}.Debug|x86.ActiveCfg = Debug|Win32
		{3928DEF2-8B13-4A73-864E-E829E71FC336}.Debug|x86.Build.0 = Debug|Win32
		{3928DEF2-8B13-4A73-864E-E829E71FC336}.Release|x64.ActiveCfg = Release|x64
		{3928DEF2-8B13-4A73-864E-E829E71FC336}.Release|x64.Build.0 = Release|x64
		{3928DEF2-8B13-4A73-864E-E829E71FC336}.Release|x86.ActiveCfg = Release|Win32
		{3928DEF2-8B13-4A73-864E-E829E71FC336}.Release|x86.Build.0 = Release|Win32
	EndGlobalSection
	GlobalSection(SolutionProperties) = preSolution
		HideSolutionNode = FALSE
	EndGlobalSection
	GlobalSection(ExtensibilityGlobals) = postSolution
		SolutionGuid = {22D24DA6-0335-4DF8-A491-E83D09721FC6}
	EndGlobalSection
EndGlobal
